
Microsoft Visual Studio Solution File, Format Version 12.00
# Visual Studio Version 17
VisualStudioVersion = 17.8.34330.188
MinimumVisualStudioVersion = 10.0.40219.1
Project("{9A19103F-16F7-4668-BE54-9A1E7A4F7556}") = "Developer_Helper_prism", "Developer_Helper_prism.csproj", "{920D2A26-1D19-49DF-8203-26E55FBD682A}"
EndProject
Project("{9A19103F-16F7-4668-BE54-9A1E7A4F7556}") = "TableInfo", "..\TableInfo\TableInfo.csproj", "{2F342664-97A6-482F-8E2C-69F46FEADE48}"
EndProject
Project("{9A19103F-16F7-4668-BE54-9A1E7A4F7556}") = "UserSetting", "..\UserSetting\UserSetting.csproj", "{5669B7B7-C071-4CB7-AC0C-8AE1A11A4BF2}"
EndProject
Project("{FAE04EC0-301F-11D3-BF4B-00C04F79EFBC}") = "Core", "..\Core\Core.csproj", "{6F143885-5EE2-491E-8331-597F0E1CD7DF}"
EndProject
Project("{FAE04EC0-301F-11D3-BF4B-00C04F79EFBC}") = "CommonCodeInfo", "..\CommonCodeInfo\CommonCodeInfo.csproj", "{53678352-FCA3-4736-8E5A-DCF2C58DE7DA}"
EndProject
Global
	GlobalSection(SolutionConfigurationPlatforms) = preSolution
		Debug|Any CPU = Debug|Any CPU
		Release|Any CPU = Release|Any CPU
	EndGlobalSection
	GlobalSection(ProjectConfigurationPlatforms) = postSolution
		{920D2A26-1D19-49DF-8203-26E55FBD682A}.Debug|Any CPU.ActiveCfg = Debug|Any CPU
		{920D2A26-1D19-49DF-8203-26E55FBD682A}.Debug|Any CPU.Build.0 = Debug|Any CPU
		{920D2A26-1D19-49DF-8203-26E55FBD682A}.Release|Any CPU.ActiveCfg = Release|Any CPU
		{920D2A26-1D19-49DF-8203-26E55FBD682A}.Release|Any CPU.Build.0 = Release|Any CPU
		{2F342664-97A6-482F-8E2C-69F46FEADE48}.Debug|Any CPU.ActiveCfg = Debug|Any CPU
		{2F342664-97A6-482F-8E2C-69F46FEADE48}.Debug|Any CPU.Build.0 = Debug|Any CPU
		{2F342664-97A6-482F-8E2C-69F46FEADE48}.Release|Any CPU.ActiveCfg = Release|Any CPU
		{2F342664-97A6-482F-8E2C-69F46FEADE48}.Release|Any CPU.Build.0 = Release|Any CPU
		{5669B7B7-C071-4CB7-AC0C-8AE1A11A4BF2}.Debug|Any CPU.ActiveCfg = Debug|Any CPU
		{5669B7B7-C071-4CB7-AC0C-8AE1A11A4BF2}.Debug|Any CPU.Build.0 = Debug|Any CPU
		{5669B7B7-C071-4CB7-AC0C-8AE1A11A4BF2}.Release|Any CPU.ActiveCfg = Release|Any CPU
		{5669B7B7-C071-4CB7-AC0C-8AE1A11A4BF2}.Release|Any CPU.Build.0 = Release|Any CPU
		{6F143885-5EE2-491E-8331-597F0E1CD7DF}.Debug|Any CPU.ActiveCfg = Debug|Any CPU
		{6F143885-5EE2-491E-8331-597F0E1CD7DF}.Debug|Any CPU.Build.0 = Debug|Any CPU
		{6F143885-5EE2-491E-8331-597F0E1CD7DF}.Release|Any CPU.ActiveCfg = Release|Any CPU
		{6F143885-5EE2-491E-8331-597F0E1CD7DF}.Release|Any CPU.Build.0 = Release|Any CPU
		{53678352-FCA3-4736-8E5A-DCF2C58DE7DA}.Debug|Any CPU.ActiveCfg = Debug|Any CPU
		{53678352-FCA3-4736-8E5A-DCF2C58DE7DA}.Debug|Any CPU.Build.0 = Debug|Any CPU
		{53678352-FCA3-4736-8E5A-DCF2C58DE7DA}.Release|Any CPU.ActiveCfg = Release|Any CPU
		{53678352-FCA3-4736-8E5A-DCF2C58DE7DA}.Release|Any CPU.Build.0 = Release|Any CPU
	EndGlobalSection
	GlobalSection(SolutionProperties) = preSolution
		HideSolutionNode = FALSE
	EndGlobalSection
	GlobalSection(ExtensibilityGlobals) = postSolution
		SolutionGuid = {5F8146AE-7C3D-43E1-B185-AD7563A94CB3}
	EndGlobalSection
EndGlobal
