
Microsoft Visual Studio Solution File, Format Version 12.00
# Visual Studio Version 17
VisualStudioVersion = 17.8.34330.188
MinimumVisualStudioVersion = 10.0.40219.1
Project("{FAE04EC0-301F-11D3-BF4B-00C04F79EFBC}") = "Developer_Helper_prism", "Developer_Helper_prism.csproj", "{920D2A26-1D19-49DF-8203-26E55FBD682A}"
EndProject
Project("{FAE04EC0-301F-11D3-BF4B-00C04F79EFBC}") = "TableInfo", "..\TableInfo\TableInfo.csproj", "{2F342664-97A6-482F-8E2C-69F46FEADE48}"
EndProject
Project("{FAE04EC0-301F-11D3-BF4B-00C04F79EFBC}") = "CustomControls", "..\CustomControls\CustomControls.csproj", "{78A548AD-684A-4AC2-AB38-357CCD124B2C}"
EndProject
Global
	GlobalSection(SolutionConfigurationPlatforms) = preSolution
		Debug|Any CPU = Debug|Any CPU
		Release|Any CPU = Release|Any CPU
	EndGlobalSection
	GlobalSection(ProjectConfigurationPlatforms) = postSolution
		{920D2A26-1D19-49DF-8203-26E55FBD682A}.Debug|Any CPU.ActiveCfg = Debug|Any CPU
		{920D2A26-1D19-49DF-8203-26E55FBD682A}.Debug|Any CPU.Build.0 = Debug|Any CPU
		{920D2A26-1D19-49DF-8203-26E55FBD682A}.Release|Any CPU.ActiveCfg = Release|Any CPU
		{920D2A26-1D19-49DF-8203-26E55FBD682A}.Release|Any CPU.Build.0 = Release|Any CPU
		{2F342664-97A6-482F-8E2C-69F46FEADE48}.Debug|Any CPU.ActiveCfg = Debug|Any CPU
		{2F342664-97A6-482F-8E2C-69F46FEADE48}.Debug|Any CPU.Build.0 = Debug|Any CPU
		{2F342664-97A6-482F-8E2C-69F46FEADE48}.Release|Any CPU.ActiveCfg = Release|Any CPU
		{2F342664-97A6-482F-8E2C-69F46FEADE48}.Release|Any CPU.Build.0 = Release|Any CPU
		{78A548AD-684A-4AC2-AB38-357CCD124B2C}.Debug|Any CPU.ActiveCfg = Debug|Any CPU
		{78A548AD-684A-4AC2-AB38-357CCD124B2C}.Debug|Any CPU.Build.0 = Debug|Any CPU
		{78A548AD-684A-4AC2-AB38-357CCD124B2C}.Release|Any CPU.ActiveCfg = Release|Any CPU
		{78A548AD-684A-4AC2-AB38-357CCD124B2C}.Release|Any CPU.Build.0 = Release|Any CPU
	EndGlobalSection
	GlobalSection(SolutionProperties) = preSolution
		HideSolutionNode = FALSE
	EndGlobalSection
	GlobalSection(ExtensibilityGlobals) = postSolution
		SolutionGuid = {5F8146AE-7C3D-43E1-B185-AD7563A94CB3}
	EndGlobalSection
EndGlobal
